
Microsoft Visual Studio Solution File, Format Version 12.00
# Visual Studio 15
VisualStudioVersion = 15.0.28010.2019
MinimumVisualStudioVersion = 10.0.40219.1
Project("{FAE04EC0-301F-11D3-BF4B-00C04F79EFBC}") = "ConsoleWrite", "ConsoleWrite\ConsoleWrite.csproj", "{9F044545-3F38-48D5-B76E-3C035005034C}"
EndProject
Global
	GlobalSection(SolutionConfigurationPlatforms) = preSolution
		Debug|Any CPU = Debug|Any CPU
		Release|Any CPU = Release|Any CPU
	EndGlobalSection
	GlobalSection(ProjectConfigurationPlatforms) = postSolution
		{9F044545-3F38-48D5-B76E-3C035005034C}.Debug|Any CPU.ActiveCfg = Debug|Any CPU
		{9F044545-3F38-48D5-B76E-3C035005034C}.Debug|Any CPU.Build.0 = Debug|Any CPU
		{9F044545-3F38-48D5-B76E-3C035005034C}.Release|Any CPU.ActiveCfg = Release|Any CPU
		{9F044545-3F38-48D5-B76E-3C035005034C}.Release|Any CPU.Build.0 = Release|Any CPU
	EndGlobalSection
	GlobalSection(SolutionProperties) = preSolution
		HideSolutionNode = FALSE
	EndGlobalSection
	GlobalSection(ExtensibilityGlobals) = postSolution
		SolutionGuid = {E7A5C5D7-348B-42AE-8456-1FF07854BBF2}
	EndGlobalSection
EndGlobal
